
Microsoft Visual Studio Solution File, Format Version 12.00
# Visual Studio Version 16
VisualStudioVersion = 16.0.30523.141
MinimumVisualStudioVersion = 10.0.40219.1
Project("{9A19103F-16F7-4668-BE54-9A1E7A4F7556}") = "SignalRChat", "SignalRChat\SignalRChat.csproj", "{56E1F1BC-04FF-429D-8727-FA5CCD4E9E87}"
EndProject
Global
	GlobalSection(SolutionConfigurationPlatforms) = preSolution
		Debug|Any CPU = Debug|Any CPU
		Release|Any CPU = Release|Any CPU
	EndGlobalSection
	GlobalSection(ProjectConfigurationPlatforms) = postSolution
		{56E1F1BC-04FF-429D-8727-FA5CCD4E9E87}.Debug|Any CPU.ActiveCfg = Debug|Any CPU
		{56E1F1BC-04FF-429D-8727-FA5CCD4E9E87}.Debug|Any CPU.Build.0 = Debug|Any CPU
		{56E1F1BC-04FF-429D-8727-FA5CCD4E9E87}.Release|Any CPU.ActiveCfg = Release|Any CPU
		{56E1F1BC-04FF-429D-8727-FA5CCD4E9E87}.Release|Any CPU.Build.0 = Release|Any CPU
	EndGlobalSection
	GlobalSection(SolutionProperties) = preSolution
		HideSolutionNode = FALSE
	EndGlobalSection
	GlobalSection(ExtensibilityGlobals) = postSolution
		SolutionGuid = {3296144B-7A8E-4A5B-BB84-D0FF9876A45E}
	EndGlobalSection
EndGlobal
